
Microsoft Visual Studio Solution File, Format Version 12.00
# Visual Studio Version 17
VisualStudioVersion = 17.11.35222.181
MinimumVisualStudioVersion = 10.0.40219.1
Project("{FAE04EC0-301F-11D3-BF4B-00C04F79EFBC}") = "xx1", "xx1\xx1.csproj", "{E8D0BFA5-0BFD-4E98-ACA0-9B03310FDF41}"
EndProject
Project("{FAE04EC0-301F-11D3-BF4B-00C04F79EFBC}") = "SupplyChain.Tests", "SupplyChain.Tests\SupplyChain.Tests.csproj", "{F4A18D3C-E3E6-4060-9A13-3F7E45C0A9B2}"
EndProject
Global
	GlobalSection(SolutionConfigurationPlatforms) = preSolution
		Debug|Any CPU = Debug|Any CPU
		Release|Any CPU = Release|Any CPU
	EndGlobalSection
	GlobalSection(ProjectConfigurationPlatforms) = postSolution
		{E8D0BFA5-0BFD-4E98-ACA0-9B03310FDF41}.Debug|Any CPU.ActiveCfg = Debug|Any CPU
		{E8D0BFA5-0BFD-4E98-ACA0-9B03310FDF41}.Debug|Any CPU.Build.0 = Debug|Any CPU
		{E8D0BFA5-0BFD-4E98-ACA0-9B03310FDF41}.Release|Any CPU.ActiveCfg = Release|Any CPU
		{E8D0BFA5-0BFD-4E98-ACA0-9B03310FDF41}.Release|Any CPU.Build.0 = Release|Any CPU
		{F4A18D3C-E3E6-4060-9A13-3F7E45C0A9B2}.Debug|Any CPU.ActiveCfg = Debug|Any CPU
		{F4A18D3C-E3E6-4060-9A13-3F7E45C0A9B2}.Debug|Any CPU.Build.0 = Debug|Any CPU
		{F4A18D3C-E3E6-4060-9A13-3F7E45C0A9B2}.Release|Any CPU.ActiveCfg = Release|Any CPU
		{F4A18D3C-E3E6-4060-9A13-3F7E45C0A9B2}.Release|Any CPU.Build.0 = Release|Any CPU
	EndGlobalSection
	GlobalSection(SolutionProperties) = preSolution
		HideSolutionNode = FALSE
	EndGlobalSection
	GlobalSection(ExtensibilityGlobals) = postSolution
		SolutionGuid = {0CCFC829-4A36-497D-884E-ADA631A4F271}
	EndGlobalSection
EndGlobal
